
Microsoft Visual Studio Solution File, Format Version 12.00
# Visual Studio Version 17
VisualStudioVersion = 17.6.33829.357
MinimumVisualStudioVersion = 10.0.40219.1
Project("{9A19103F-16F7-4668-BE54-9A1E7A4F7556}") = "EnternetShop", "EnternetShop\EnternetShop.csproj", "{EA995496-1577-49CB-ACE4-70577BD94BDE}"
EndProject
Project("{FAE04EC0-301F-11D3-BF4B-00C04F79EFBC}") = "EmailAssistent", "EmailAssistent\EmailAssistent.csproj", "{7FB81ADF-38B5-4FF2-8B0F-DB79C91EDD2C}"
EndProject
Global
	GlobalSection(SolutionConfigurationPlatforms) = preSolution
		Debug|Any CPU = Debug|Any CPU
		Release|Any CPU = Release|Any CPU
	EndGlobalSection
	GlobalSection(ProjectConfigurationPlatforms) = postSolution
		{EA995496-1577-49CB-ACE4-70577BD94BDE}.Debug|Any CPU.ActiveCfg = Debug|Any CPU
		{EA995496-1577-49CB-ACE4-70577BD94BDE}.Debug|Any CPU.Build.0 = Debug|Any CPU
		{EA995496-1577-49CB-ACE4-70577BD94BDE}.Release|Any CPU.ActiveCfg = Release|Any CPU
		{EA995496-1577-49CB-ACE4-70577BD94BDE}.Release|Any CPU.Build.0 = Release|Any CPU
		{7FB81ADF-38B5-4FF2-8B0F-DB79C91EDD2C}.Debug|Any CPU.ActiveCfg = Debug|Any CPU
		{7FB81ADF-38B5-4FF2-8B0F-DB79C91EDD2C}.Debug|Any CPU.Build.0 = Debug|Any CPU
		{7FB81ADF-38B5-4FF2-8B0F-DB79C91EDD2C}.Release|Any CPU.ActiveCfg = Release|Any CPU
		{7FB81ADF-38B5-4FF2-8B0F-DB79C91EDD2C}.Release|Any CPU.Build.0 = Release|Any CPU
	EndGlobalSection
	GlobalSection(SolutionProperties) = preSolution
		HideSolutionNode = FALSE
	EndGlobalSection
	GlobalSection(ExtensibilityGlobals) = postSolution
		SolutionGuid = {418FB3C3-613A-4072-91C1-BB7114007A54}
	EndGlobalSection
EndGlobal
